
Microsoft Visual Studio Solution File, Format Version 12.00
# Visual Studio Version 16
VisualStudioVersion = 16.0.31911.196
MinimumVisualStudioVersion = 10.0.40219.1
Project("{FAE04EC0-301F-11D3-BF4B-00C04F79EFBC}") = "AspNetCoreAndMassTransitIntegrationTestExample.Api", "AspNetCoreAndMassTransitIntegrationTestExample.Api\AspNetCoreAndMassTransitIntegrationTestExample.Api.csproj", "{C4D4AD6F-5C5F-4E10-9BFF-28CEA4375FE9}"
EndProject
Project("{FAE04EC0-301F-11D3-BF4B-00C04F79EFBC}") = "AspNetCoreAndMassTransitIntegrationTestExample.Tests", "AspNetCoreAndMassTransitIntegrationTestExample.Tests\AspNetCoreAndMassTransitIntegrationTestExample.Tests.csproj", "{0A2AD076-F6B2-48AD-BAAD-0442625789D5}"
EndProject
Global
	GlobalSection(SolutionConfigurationPlatforms) = preSolution
		Debug|Any CPU = Debug|Any CPU
		Release|Any CPU = Release|Any CPU
	EndGlobalSection
	GlobalSection(ProjectConfigurationPlatforms) = postSolution
		{C4D4AD6F-5C5F-4E10-9BFF-28CEA4375FE9}.Debug|Any CPU.ActiveCfg = Debug|Any CPU
		{C4D4AD6F-5C5F-4E10-9BFF-28CEA4375FE9}.Debug|Any CPU.Build.0 = Debug|Any CPU
		{C4D4AD6F-5C5F-4E10-9BFF-28CEA4375FE9}.Release|Any CPU.ActiveCfg = Release|Any CPU
		{C4D4AD6F-5C5F-4E10-9BFF-28CEA4375FE9}.Release|Any CPU.Build.0 = Release|Any CPU
		{0A2AD076-F6B2-48AD-BAAD-0442625789D5}.Debug|Any CPU.ActiveCfg = Debug|Any CPU
		{0A2AD076-F6B2-48AD-BAAD-0442625789D5}.Debug|Any CPU.Build.0 = Debug|Any CPU
		{0A2AD076-F6B2-48AD-BAAD-0442625789D5}.Release|Any CPU.ActiveCfg = Release|Any CPU
		{0A2AD076-F6B2-48AD-BAAD-0442625789D5}.Release|Any CPU.Build.0 = Release|Any CPU
	EndGlobalSection
	GlobalSection(SolutionProperties) = preSolution
		HideSolutionNode = FALSE
	EndGlobalSection
	GlobalSection(ExtensibilityGlobals) = postSolution
		SolutionGuid = {402BC524-FB58-46A9-B199-4E9CAF911A6E}
	EndGlobalSection
EndGlobal
